{
  "name": "router-comparision",
  "version": "0.0.0",
  "lockfileVersion": 1,
  "requires": true,
  "dependencies": {
    "anumargak": {
      "version": "2.0.2",
      "resolved": "https://registry.npmjs.org/anumargak/-/anumargak-2.0.2.tgz",
      "integrity": "sha512-mMvIyk02zxU36Isqw/FKq2u3obcV51ge9SaYQDr/QwtCSbRcuUefZTA0Ox4FWhAFOgvD4PMPh44CbDcrDnUObg==",
      "requires": {
        "randexp": "^0.4.9",
        "safe-regex": "^1.1.0",
        "semver-store": "^0.3.0"
      }
    },
    "drange": {
      "version": "1.1.1",
      "resolved": "https://registry.npmjs.org/drange/-/drange-1.1.1.tgz",
      "integrity": "sha512-pYxfDYpued//QpnLIm4Avk7rsNtAtQkUES2cwAYSvD/wd2pKD71gN2Ebj3e7klzXwjocvE8c5vx/1fxwpqmSxA=="
    },
    "fast-decode-uri-component": {
      "version": "1.0.0",
      "resolved": "https://registry.npmjs.org/fast-decode-uri-component/-/fast-decode-uri-component-1.0.0.tgz",
      "integrity": "sha512-WQSYVKn6tDW/3htASeUkrx5LcnuTENQIZQPCVlwdnvIJ7bYtSpoJYq38MgUJnx1CQIR1gjZ8HJxAEcN4gqugBg=="
    },
    "find-my-way": {
      "version": "1.17.0",
      "resolved": "https://registry.npmjs.org/find-my-way/-/find-my-way-1.17.0.tgz",
      "integrity": "sha512-V/ROUAESJakNZXmvgJmaCwhB8d4M79/RgWWiKn4tu/6FGjiySYfJuYXip1rV7fORWEzbL0pmfg9smkRQ+tmXjg==",
      "requires": {
        "fast-decode-uri-component": "^1.0.0",
        "safe-regex": "^1.1.0",
        "semver-store": "^0.3.0"
      }
    },
    "randexp": {
      "version": "0.4.9",
      "resolved": "https://registry.npmjs.org/randexp/-/randexp-0.4.9.tgz",
      "integrity": "sha512-maAX1cnBkzIZ89O4tSQUOF098xjGMC8N+9vuY/WfHwg87THw6odD2Br35donlj5e6KnB1SB0QBHhTQhhDHuTPQ==",
      "requires": {
        "drange": "^1.0.0",
        "ret": "^0.2.0"
      },
      "dependencies": {
        "ret": {
          "version": "0.2.2",
          "resolved": "https://registry.npmjs.org/ret/-/ret-0.2.2.tgz",
          "integrity": "sha512-M0b3YWQs7R3Z917WRQy1HHA7Ba7D8hvZg6UE5mLykJxQVE2ju0IXbGlaHPPlkY+WN7wFP+wUMXmBFA0aV6vYGQ=="
        }
      }
    },
    "restana": {
      "version": "2.7.0",
      "resolved": "https://registry.npmjs.org/restana/-/restana-2.7.0.tgz",
      "integrity": "sha512-2/LBmy9T7E0AIvL9pofkgyuKQdVuv2r3ZEKcHDaOXLG2iRsvMoIKi1jRnM5hp1y3AHhRytubOyjmAJ2eHESHdg==",
      "requires": {
        "find-my-way": "^1.17.0"
      }
    },
    "ret": {
      "version": "0.1.15",
      "resolved": "https://registry.npmjs.org/ret/-/ret-0.1.15.tgz",
      "integrity": "sha512-TTlYpa+OL+vMMNG24xSlQGEJ3B/RzEfUlLct7b5G/ytav+wPrplCpVMFuwzXbkecJrb6IYo1iFb0S9v37754mg=="
    },
    "safe-regex": {
      "version": "1.1.0",
      "resolved": "http://registry.npmjs.org/safe-regex/-/safe-regex-1.1.0.tgz",
      "integrity": "sha1-QKNmnzsHfR6UPURinhV91IAjvy4=",
      "requires": {
        "ret": "~0.1.10"
      }
    },
    "semver-store": {
      "version": "0.3.0",
      "resolved": "https://registry.npmjs.org/semver-store/-/semver-store-0.3.0.tgz",
      "integrity": "sha512-TcZvGMMy9vodEFSse30lWinkj+JgOBvPn8wRItpQRSayhc+4ssDs335uklkfvQQJgL/WvmHLVj4Ycv2s7QCQMg=="
    }
  }
}
